// !$*UTF8*$!
{
	archiveVersion = 1;
	classes = {
	};
	objectVersion = 56;
	objects = {

/* Begin PBXBuildFile section */
		8B86A8CE29E1818600A8B273 /* AfricaApp.swift in Sources */ = {isa = PBXBuildFile; fileRef = 8B86A8CD29E1818600A8B273 /* AfricaApp.swift */; };
		8B86A8D029E1818600A8B273 /* ContentView.swift in Sources */ = {isa = PBXBuildFile; fileRef = 8B86A8CF29E1818600A8B273 /* ContentView.swift */; };
		8B86A8D229E1818700A8B273 /* Assets.xcassets in Resources */ = {isa = PBXBuildFile; fileRef = 8B86A8D129E1818700A8B273 /* Assets.xcassets */; };
		8B86A8D529E1818700A8B273 /* Preview Assets.xcassets in Resources */ = {isa = PBXBuildFile; fileRef = 8B86A8D429E1818700A8B273 /* Preview Assets.xcassets */; };
		8B86A8E629E183A200A8B273 /* ostrich.mp4 in Resources */ = {isa = PBXBuildFile; fileRef = 8B86A8DC29E183A000A8B273 /* ostrich.mp4 */; };
		8B86A8E729E183A200A8B273 /* zebra.mp4 in Resources */ = {isa = PBXBuildFile; fileRef = 8B86A8DD29E183A000A8B273 /* zebra.mp4 */; };
		8B86A8E829E183A200A8B273 /* lioness.mp4 in Resources */ = {isa = PBXBuildFile; fileRef = 8B86A8DE29E183A100A8B273 /* lioness.mp4 */; };
		8B86A8E929E183A200A8B273 /* rhino.mp4 in Resources */ = {isa = PBXBuildFile; fileRef = 8B86A8DF29E183A100A8B273 /* rhino.mp4 */; };
		8B86A8EA29E183A200A8B273 /* gorilla.mp4 in Resources */ = {isa = PBXBuildFile; fileRef = 8B86A8E029E183A100A8B273 /* gorilla.mp4 */; };
		8B86A8EB29E183A200A8B273 /* lion.mp4 in Resources */ = {isa = PBXBuildFile; fileRef = 8B86A8E129E183A100A8B273 /* lion.mp4 */; };
		8B86A8EC29E183A200A8B273 /* cheetah.mp4 in Resources */ = {isa = PBXBuildFile; fileRef = 8B86A8E229E183A100A8B273 /* cheetah.mp4 */; };
		8B86A8ED29E183A200A8B273 /* elephant.mp4 in Resources */ = {isa = PBXBuildFile; fileRef = 8B86A8E329E183A100A8B273 /* elephant.mp4 */; };
		8B86A8EE29E183A200A8B273 /* giraffe.mp4 in Resources */ = {isa = PBXBuildFile; fileRef = 8B86A8E429E183A200A8B273 /* giraffe.mp4 */; };
		8B86A8EF29E183A200A8B273 /* hippo.mp4 in Resources */ = {isa = PBXBuildFile; fileRef = 8B86A8E529E183A200A8B273 /* hippo.mp4 */; };
		8B86A8F529E1840B00A8B273 /* covers.json in Resources */ = {isa = PBXBuildFile; fileRef = 8B86A8F129E1840B00A8B273 /* covers.json */; };
		8B86A8F629E1840B00A8B273 /* animals.json in Resources */ = {isa = PBXBuildFile; fileRef = 8B86A8F229E1840B00A8B273 /* animals.json */; };
		8B86A8F729E1840B00A8B273 /* videos.json in Resources */ = {isa = PBXBuildFile; fileRef = 8B86A8F329E1840B00A8B273 /* videos.json */; };
		8B86A8F829E1840B00A8B273 /* locations.json in Resources */ = {isa = PBXBuildFile; fileRef = 8B86A8F429E1840B00A8B273 /* locations.json */; };
		8B86A8FC29E1878300A8B273 /* VideoListView.swift in Sources */ = {isa = PBXBuildFile; fileRef = 8B86A8FB29E1878300A8B273 /* VideoListView.swift */; };
		8B86A8FE29E1879600A8B273 /* MapView.swift in Sources */ = {isa = PBXBuildFile; fileRef = 8B86A8FD29E1879600A8B273 /* MapView.swift */; };
		8B86A90029E187A300A8B273 /* GalleryView.swift in Sources */ = {isa = PBXBuildFile; fileRef = 8B86A8FF29E187A300A8B273 /* GalleryView.swift */; };
		8B86A90229E187B200A8B273 /* MainView.swift in Sources */ = {isa = PBXBuildFile; fileRef = 8B86A90129E187B200A8B273 /* MainView.swift */; };
		8B86A90529E1897600A8B273 /* CoverImageView.swift in Sources */ = {isa = PBXBuildFile; fileRef = 8B86A90429E1897600A8B273 /* CoverImageView.swift */; };
		8B86A90829E18B7F00A8B273 /* CoverImageModel.swift in Sources */ = {isa = PBXBuildFile; fileRef = 8B86A90729E18B7F00A8B273 /* CoverImageModel.swift */; };
		8B86A90B29E18CB100A8B273 /* Bundle+Extension.swift in Sources */ = {isa = PBXBuildFile; fileRef = 8B86A90A29E18CB100A8B273 /* Bundle+Extension.swift */; };
		8B86A90D29E1935A00A8B273 /* AnimalListItemView.swift in Sources */ = {isa = PBXBuildFile; fileRef = 8B86A90C29E1935A00A8B273 /* AnimalListItemView.swift */; };
		8B86A90F29E194A300A8B273 /* AnimalModel.swift in Sources */ = {isa = PBXBuildFile; fileRef = 8B86A90E29E194A300A8B273 /* AnimalModel.swift */; };
/* End PBXBuildFile section */

/* Begin PBXFileReference section */
		8B86A8CA29E1818600A8B273 /* Africa.app */ = {isa = PBXFileReference; explicitFileType = wrapper.application; includeInIndex = 0; path = Africa.app; sourceTree = BUILT_PRODUCTS_DIR; };
		8B86A8CD29E1818600A8B273 /* AfricaApp.swift */ = {isa = PBXFileReference; lastKnownFileType = sourcecode.swift; path = AfricaApp.swift; sourceTree = "<group>"; };
		8B86A8CF29E1818600A8B273 /* ContentView.swift */ = {isa = PBXFileReference; lastKnownFileType = sourcecode.swift; path = ContentView.swift; sourceTree = "<group>"; };
		8B86A8D129E1818700A8B273 /* Assets.xcassets */ = {isa = PBXFileReference; lastKnownFileType = folder.assetcatalog; path = Assets.xcassets; sourceTree = "<group>"; };
		8B86A8D429E1818700A8B273 /* Preview Assets.xcassets */ = {isa = PBXFileReference; lastKnownFileType = folder.assetcatalog; path = "Preview Assets.xcassets"; sourceTree = "<group>"; };
		8B86A8DC29E183A000A8B273 /* ostrich.mp4 */ = {isa = PBXFileReference; lastKnownFileType = file; path = ostrich.mp4; sourceTree = "<group>"; };
		8B86A8DD29E183A000A8B273 /* zebra.mp4 */ = {isa = PBXFileReference; lastKnownFileType = file; path = zebra.mp4; sourceTree = "<group>"; };
		8B86A8DE29E183A100A8B273 /* lioness.mp4 */ = {isa = PBXFileReference; lastKnownFileType = file; path = lioness.mp4; sourceTree = "<group>"; };
		8B86A8DF29E183A100A8B273 /* rhino.mp4 */ = {isa = PBXFileReference; lastKnownFileType = file; path = rhino.mp4; sourceTree = "<group>"; };
		8B86A8E029E183A100A8B273 /* gorilla.mp4 */ = {isa = PBXFileReference; lastKnownFileType = file; path = gorilla.mp4; sourceTree = "<group>"; };
		8B86A8E129E183A100A8B273 /* lion.mp4 */ = {isa = PBXFileReference; lastKnownFileType = file; path = lion.mp4; sourceTree = "<group>"; };
		8B86A8E229E183A100A8B273 /* cheetah.mp4 */ = {isa = PBXFileReference; lastKnownFileType = file; path = cheetah.mp4; sourceTree = "<group>"; };
		8B86A8E329E183A100A8B273 /* elephant.mp4 */ = {isa = PBXFileReference; lastKnownFileType = file; path = elephant.mp4; sourceTree = "<group>"; };
		8B86A8E429E183A200A8B273 /* giraffe.mp4 */ = {isa = PBXFileReference; lastKnownFileType = file; path = giraffe.mp4; sourceTree = "<group>"; };
		8B86A8E529E183A200A8B273 /* hippo.mp4 */ = {isa = PBXFileReference; lastKnownFileType = file; path = hippo.mp4; sourceTree = "<group>"; };
		8B86A8F129E1840B00A8B273 /* covers.json */ = {isa = PBXFileReference; fileEncoding = 4; lastKnownFileType = text.json; path = covers.json; sourceTree = "<group>"; };
		8B86A8F229E1840B00A8B273 /* animals.json */ = {isa = PBXFileReference; fileEncoding = 4; lastKnownFileType = text.json; path = animals.json; sourceTree = "<group>"; };
		8B86A8F329E1840B00A8B273 /* videos.json */ = {isa = PBXFileReference; fileEncoding = 4; lastKnownFileType = text.json; path = videos.json; sourceTree = "<group>"; };
		8B86A8F429E1840B00A8B273 /* locations.json */ = {isa = PBXFileReference; fileEncoding = 4; lastKnownFileType = text.json; path = locations.json; sourceTree = "<group>"; };
		8B86A8F929E184E900A8B273 /* Info.plist */ = {isa = PBXFileReference; lastKnownFileType = text.plist; path = Info.plist; sourceTree = "<group>"; };
		8B86A8FB29E1878300A8B273 /* VideoListView.swift */ = {isa = PBXFileReference; lastKnownFileType = sourcecode.swift; path = VideoListView.swift; sourceTree = "<group>"; };
		8B86A8FD29E1879600A8B273 /* MapView.swift */ = {isa = PBXFileReference; lastKnownFileType = sourcecode.swift; path = MapView.swift; sourceTree = "<group>"; };
		8B86A8FF29E187A300A8B273 /* GalleryView.swift */ = {isa = PBXFileReference; lastKnownFileType = sourcecode.swift; path = GalleryView.swift; sourceTree = "<group>"; };
		8B86A90129E187B200A8B273 /* MainView.swift */ = {isa = PBXFileReference; lastKnownFileType = sourcecode.swift; path = MainView.swift; sourceTree = "<group>"; };
		8B86A90429E1897600A8B273 /* CoverImageView.swift */ = {isa = PBXFileReference; lastKnownFileType = sourcecode.swift; path = CoverImageView.swift; sourceTree = "<group>"; };
		8B86A90729E18B7F00A8B273 /* CoverImageModel.swift */ = {isa = PBXFileReference; lastKnownFileType = sourcecode.swift; path = CoverImageModel.swift; sourceTree = "<group>"; };
		8B86A90A29E18CB100A8B273 /* Bundle+Extension.swift */ = {isa = PBXFileReference; lastKnownFileType = sourcecode.swift; path = "Bundle+Extension.swift"; sourceTree = "<group>"; };
		8B86A90C29E1935A00A8B273 /* AnimalListItemView.swift */ = {isa = PBXFileReference; lastKnownFileType = sourcecode.swift; path = AnimalListItemView.swift; sourceTree = "<group>"; };
		8B86A90E29E194A300A8B273 /* AnimalModel.swift */ = {isa = PBXFileReference; lastKnownFileType = sourcecode.swift; path = AnimalModel.swift; sourceTree = "<group>"; };
/* End PBXFileReference section */

/* Begin PBXFrameworksBuildPhase section */
		8B86A8C729E1818600A8B273 /* Frameworks */ = {
			isa = PBXFrameworksBuildPhase;
			buildActionMask = 2147483647;
			files = (
			);
			runOnlyForDeploymentPostprocessing = 0;
		};
/* End PBXFrameworksBuildPhase section */

/* Begin PBXGroup section */
		8B86A8C129E1818600A8B273 = {
			isa = PBXGroup;
			children = (
				8B86A8CC29E1818600A8B273 /* Africa */,
				8B86A8CB29E1818600A8B273 /* Products */,
			);
			sourceTree = "<group>";
		};
		8B86A8CB29E1818600A8B273 /* Products */ = {
			isa = PBXGroup;
			children = (
				8B86A8CA29E1818600A8B273 /* Africa.app */,
			);
			name = Products;
			sourceTree = "<group>";
		};
		8B86A8CC29E1818600A8B273 /* Africa */ = {
			isa = PBXGroup;
			children = (
				8B86A90629E18B6900A8B273 /* Model */,
				8B86A8F029E183E900A8B273 /* Data */,
				8B86A8DB29E1838A00A8B273 /* Video */,
				8B86A90329E1896200A8B273 /* View */,
				8B86A8FA29E185A800A8B273 /* App */,
				8B86A90929E18C8C00A8B273 /* Extension */,
				8B86A8D129E1818700A8B273 /* Assets.xcassets */,
				8B86A8F929E184E900A8B273 /* Info.plist */,
				8B86A8D329E1818700A8B273 /* Preview Content */,
			);
			path = Africa;
			sourceTree = "<group>";
		};
		8B86A8D329E1818700A8B273 /* Preview Content */ = {
			isa = PBXGroup;
			children = (
				8B86A8D429E1818700A8B273 /* Preview Assets.xcassets */,
			);
			path = "Preview Content";
			sourceTree = "<group>";
		};
		8B86A8DB29E1838A00A8B273 /* Video */ = {
			isa = PBXGroup;
			children = (
				8B86A8E229E183A100A8B273 /* cheetah.mp4 */,
				8B86A8E329E183A100A8B273 /* elephant.mp4 */,
				8B86A8E429E183A200A8B273 /* giraffe.mp4 */,
				8B86A8E029E183A100A8B273 /* gorilla.mp4 */,
				8B86A8E529E183A200A8B273 /* hippo.mp4 */,
				8B86A8E129E183A100A8B273 /* lion.mp4 */,
				8B86A8DE29E183A100A8B273 /* lioness.mp4 */,
				8B86A8DC29E183A000A8B273 /* ostrich.mp4 */,
				8B86A8DF29E183A100A8B273 /* rhino.mp4 */,
				8B86A8DD29E183A000A8B273 /* zebra.mp4 */,
			);
			path = Video;
			sourceTree = "<group>";
		};
		8B86A8F029E183E900A8B273 /* Data */ = {
			isa = PBXGroup;
			children = (
				8B86A8F229E1840B00A8B273 /* animals.json */,
				8B86A8F129E1840B00A8B273 /* covers.json */,
				8B86A8F429E1840B00A8B273 /* locations.json */,
				8B86A8F329E1840B00A8B273 /* videos.json */,
			);
			path = Data;
			sourceTree = "<group>";
		};
		8B86A8FA29E185A800A8B273 /* App */ = {
			isa = PBXGroup;
			children = (
				8B86A8CD29E1818600A8B273 /* AfricaApp.swift */,
				8B86A8CF29E1818600A8B273 /* ContentView.swift */,
				8B86A8FB29E1878300A8B273 /* VideoListView.swift */,
				8B86A8FD29E1879600A8B273 /* MapView.swift */,
				8B86A8FF29E187A300A8B273 /* GalleryView.swift */,
				8B86A90129E187B200A8B273 /* MainView.swift */,
			);
			path = App;
			sourceTree = "<group>";
		};
		8B86A90329E1896200A8B273 /* View */ = {
			isa = PBXGroup;
			children = (
				8B86A90429E1897600A8B273 /* CoverImageView.swift */,
				8B86A90C29E1935A00A8B273 /* AnimalListItemView.swift */,
			);
			path = View;
			sourceTree = "<group>";
		};
		8B86A90629E18B6900A8B273 /* Model */ = {
			isa = PBXGroup;
			children = (
				8B86A90729E18B7F00A8B273 /* CoverImageModel.swift */,
				8B86A90E29E194A300A8B273 /* AnimalModel.swift */,
			);
			path = Model;
			sourceTree = "<group>";
		};
		8B86A90929E18C8C00A8B273 /* Extension */ = {
			isa = PBXGroup;
			children = (
				8B86A90A29E18CB100A8B273 /* Bundle+Extension.swift */,
			);
			path = Extension;
			sourceTree = "<group>";
		};
/* End PBXGroup section */

/* Begin PBXNativeTarget section */
		8B86A8C929E1818600A8B273 /* Africa */ = {
			isa = PBXNativeTarget;
			buildConfigurationList = 8B86A8D829E1818700A8B273 /* Build configuration list for PBXNativeTarget "Africa" */;
			buildPhases = (
				8B86A8C629E1818600A8B273 /* Sources */,
				8B86A8C729E1818600A8B273 /* Frameworks */,
				8B86A8C829E1818600A8B273 /* Resources */,
			);
			buildRules = (
			);
			dependencies = (
			);
			name = Africa;
			productName = Africa;
			productReference = 8B86A8CA29E1818600A8B273 /* Africa.app */;
			productType = "com.apple.product-type.application";
		};
/* End PBXNativeTarget section */

/* Begin PBXProject section */
		8B86A8C229E1818600A8B273 /* Project object */ = {
			isa = PBXProject;
			attributes = {
				BuildIndependentTargetsInParallel = 1;
				LastSwiftUpdateCheck = 1430;
				LastUpgradeCheck = 1430;
				TargetAttributes = {
					8B86A8C929E1818600A8B273 = {
						CreatedOnToolsVersion = 14.3;
					};
				};
			};
			buildConfigurationList = 8B86A8C529E1818600A8B273 /* Build configuration list for PBXProject "Africa" */;
			compatibilityVersion = "Xcode 14.0";
			developmentRegion = en;
			hasScannedForEncodings = 0;
			knownRegions = (
				en,
				Base,
			);
			mainGroup = 8B86A8C129E1818600A8B273;
			productRefGroup = 8B86A8CB29E1818600A8B273 /* Products */;
			projectDirPath = "";
			projectRoot = "";
			targets = (
				8B86A8C929E1818600A8B273 /* Africa */,
			);
		};
/* End PBXProject section */

/* Begin PBXResourcesBuildPhase section */
		8B86A8C829E1818600A8B273 /* Resources */ = {
			isa = PBXResourcesBuildPhase;
			buildActionMask = 2147483647;
			files = (
				8B86A8F529E1840B00A8B273 /* covers.json in Resources */,
				8B86A8E929E183A200A8B273 /* rhino.mp4 in Resources */,
				8B86A8F829E1840B00A8B273 /* locations.json in Resources */,
				8B86A8F729E1840B00A8B273 /* videos.json in Resources */,
				8B86A8EB29E183A200A8B273 /* lion.mp4 in Resources */,
				8B86A8E729E183A200A8B273 /* zebra.mp4 in Resources */,
				8B86A8E629E183A200A8B273 /* ostrich.mp4 in Resources */,
				8B86A8EF29E183A200A8B273 /* hippo.mp4 in Resources */,
				8B86A8EA29E183A200A8B273 /* gorilla.mp4 in Resources */,
				8B86A8F629E1840B00A8B273 /* animals.json in Resources */,
				8B86A8E829E183A200A8B273 /* lioness.mp4 in Resources */,
				8B86A8EE29E183A200A8B273 /* giraffe.mp4 in Resources */,
				8B86A8D529E1818700A8B273 /* Preview Assets.xcassets in Resources */,
				8B86A8D229E1818700A8B273 /* Assets.xcassets in Resources */,
				8B86A8ED29E183A200A8B273 /* elephant.mp4 in Resources */,
				8B86A8EC29E183A200A8B273 /* cheetah.mp4 in Resources */,
			);
			runOnlyForDeploymentPostprocessing = 0;
		};
/* End PBXResourcesBuildPhase section */

/* Begin PBXSourcesBuildPhase section */
		8B86A8C629E1818600A8B273 /* Sources */ = {
			isa = PBXSourcesBuildPhase;
			buildActionMask = 2147483647;
			files = (
				8B86A8D029E1818600A8B273 /* ContentView.swift in Sources */,
				8B86A90D29E1935A00A8B273 /* AnimalListItemView.swift in Sources */,
				8B86A90B29E18CB100A8B273 /* Bundle+Extension.swift in Sources */,
				8B86A90229E187B200A8B273 /* MainView.swift in Sources */,
				8B86A90529E1897600A8B273 /* CoverImageView.swift in Sources */,
				8B86A90F29E194A300A8B273 /* AnimalModel.swift in Sources */,
				8B86A90829E18B7F00A8B273 /* CoverImageModel.swift in Sources */,
				8B86A8FE29E1879600A8B273 /* MapView.swift in Sources */,
				8B86A8CE29E1818600A8B273 /* AfricaApp.swift in Sources */,
				8B86A8FC29E1878300A8B273 /* VideoListView.swift in Sources */,
				8B86A90029E187A300A8B273 /* GalleryView.swift in Sources */,
			);
			runOnlyForDeploymentPostprocessing = 0;
		};
/* End PBXSourcesBuildPhase section */

/* Begin XCBuildConfiguration section */
		8B86A8D629E1818700A8B273 /* Debug */ = {
			isa = XCBuildConfiguration;
			buildSettings = {
				ALWAYS_SEARCH_USER_PATHS = NO;
				CLANG_ANALYZER_NONNULL = YES;
				CLANG_ANALYZER_NUMBER_OBJECT_CONVERSION = YES_AGGRESSIVE;
				CLANG_CXX_LANGUAGE_STANDARD = "gnu++20";
				CLANG_ENABLE_MODULES = YES;
				CLANG_ENABLE_OBJC_ARC = YES;
				CLANG_ENABLE_OBJC_WEAK = YES;
				CLANG_WARN_BLOCK_CAPTURE_AUTORELEASING = YES;
				CLANG_WARN_BOOL_CONVERSION = YES;
				CLANG_WARN_COMMA = YES;
				CLANG_WARN_CONSTANT_CONVERSION = YES;
				CLANG_WARN_DEPRECATED_OBJC_IMPLEMENTATIONS = YES;
				CLANG_WARN_DIRECT_OBJC_ISA_USAGE = YES_ERROR;
				CLANG_WARN_DOCUMENTATION_COMMENTS = YES;
				CLANG_WARN_EMPTY_BODY = YES;
				CLANG_WARN_ENUM_CONVERSION = YES;
				CLANG_WARN_INFINITE_RECURSION = YES;
				CLANG_WARN_INT_CONVERSION = YES;
				CLANG_WARN_NON_LITERAL_NULL_CONVERSION = YES;
				CLANG_WARN_OBJC_IMPLICIT_RETAIN_SELF = YES;
				CLANG_WARN_OBJC_LITERAL_CONVERSION = YES;
				CLANG_WARN_OBJC_ROOT_CLASS = YES_ERROR;
				CLANG_WARN_QUOTED_INCLUDE_IN_FRAMEWORK_HEADER = YES;
				CLANG_WARN_RANGE_LOOP_ANALYSIS = YES;
				CLANG_WARN_STRICT_PROTOTYPES = YES;
				CLANG_WARN_SUSPICIOUS_MOVE = YES;
				CLANG_WARN_UNGUARDED_AVAILABILITY = YES_AGGRESSIVE;
				CLANG_WARN_UNREACHABLE_CODE = YES;
				CLANG_WARN__DUPLICATE_METHOD_MATCH = YES;
				COPY_PHASE_STRIP = NO;
				DEBUG_INFORMATION_FORMAT = dwarf;
				ENABLE_STRICT_OBJC_MSGSEND = YES;
				ENABLE_TESTABILITY = YES;
				GCC_C_LANGUAGE_STANDARD = gnu11;
				GCC_DYNAMIC_NO_PIC = NO;
				GCC_NO_COMMON_BLOCKS = YES;
				GCC_OPTIMIZATION_LEVEL = 0;
				GCC_PREPROCESSOR_DEFINITIONS = (
					"DEBUG=1",
					"$(inherited)",
				);
				GCC_WARN_64_TO_32_BIT_CONVERSION = YES;
				GCC_WARN_ABOUT_RETURN_TYPE = YES_ERROR;
				GCC_WARN_UNDECLARED_SELECTOR = YES;
				GCC_WARN_UNINITIALIZED_AUTOS = YES_AGGRESSIVE;
				GCC_WARN_UNUSED_FUNCTION = YES;
				GCC_WARN_UNUSED_VARIABLE = YES;
				IPHONEOS_DEPLOYMENT_TARGET = 16.4;
				MTL_ENABLE_DEBUG_INFO = INCLUDE_SOURCE;
				MTL_FAST_MATH = YES;
				ONLY_ACTIVE_ARCH = YES;
				SDKROOT = iphoneos;
				SWIFT_ACTIVE_COMPILATION_CONDITIONS = DEBUG;
				SWIFT_OPTIMIZATION_LEVEL = "-Onone";
			};
			name = Debug;
		};
		8B86A8D729E1818700A8B273 /* Release */ = {
			isa = XCBuildConfiguration;
			buildSettings = {
				ALWAYS_SEARCH_USER_PATHS = NO;
				CLANG_ANALYZER_NONNULL = YES;
				CLANG_ANALYZER_NUMBER_OBJECT_CONVERSION = YES_AGGRESSIVE;
				CLANG_CXX_LANGUAGE_STANDARD = "gnu++20";
				CLANG_ENABLE_MODULES = YES;
				CLANG_ENABLE_OBJC_ARC = YES;
				CLANG_ENABLE_OBJC_WEAK = YES;
				CLANG_WARN_BLOCK_CAPTURE_AUTORELEASING = YES;
				CLANG_WARN_BOOL_CONVERSION = YES;
				CLANG_WARN_COMMA = YES;
				CLANG_WARN_CONSTANT_CONVERSION = YES;
				CLANG_WARN_DEPRECATED_OBJC_IMPLEMENTATIONS = YES;
				CLANG_WARN_DIRECT_OBJC_ISA_USAGE = YES_ERROR;
				CLANG_WARN_DOCUMENTATION_COMMENTS = YES;
				CLANG_WARN_EMPTY_BODY = YES;
				CLANG_WARN_ENUM_CONVERSION = YES;
				CLANG_WARN_INFINITE_RECURSION = YES;
				CLANG_WARN_INT_CONVERSION = YES;
				CLANG_WARN_NON_LITERAL_NULL_CONVERSION = YES;
				CLANG_WARN_OBJC_IMPLICIT_RETAIN_SELF = YES;
				CLANG_WARN_OBJC_LITERAL_CONVERSION = YES;
				CLANG_WARN_OBJC_ROOT_CLASS = YES_ERROR;
				CLANG_WARN_QUOTED_INCLUDE_IN_FRAMEWORK_HEADER = YES;
				CLANG_WARN_RANGE_LOOP_ANALYSIS = YES;
				CLANG_WARN_STRICT_PROTOTYPES = YES;
				CLANG_WARN_SUSPICIOUS_MOVE = YES;
				CLANG_WARN_UNGUARDED_AVAILABILITY = YES_AGGRESSIVE;
				CLANG_WARN_UNREACHABLE_CODE = YES;
				CLANG_WARN__DUPLICATE_METHOD_MATCH = YES;
				COPY_PHASE_STRIP = NO;
				DEBUG_INFORMATION_FORMAT = "dwarf-with-dsym";
				ENABLE_NS_ASSERTIONS = NO;
				ENABLE_STRICT_OBJC_MSGSEND = YES;
				GCC_C_LANGUAGE_STANDARD = gnu11;
				GCC_NO_COMMON_BLOCKS = YES;
				GCC_WARN_64_TO_32_BIT_CONVERSION = YES;
				GCC_WARN_ABOUT_RETURN_TYPE = YES_ERROR;
				GCC_WARN_UNDECLARED_SELECTOR = YES;
				GCC_WARN_UNINITIALIZED_AUTOS = YES_AGGRESSIVE;
				GCC_WARN_UNUSED_FUNCTION = YES;
				GCC_WARN_UNUSED_VARIABLE = YES;
				IPHONEOS_DEPLOYMENT_TARGET = 16.4;
				MTL_ENABLE_DEBUG_INFO = NO;
				MTL_FAST_MATH = YES;
				SDKROOT = iphoneos;
				SWIFT_COMPILATION_MODE = wholemodule;
				SWIFT_OPTIMIZATION_LEVEL = "-O";
				VALIDATE_PRODUCT = YES;
			};
			name = Release;
		};
		8B86A8D929E1818700A8B273 /* Debug */ = {
			isa = XCBuildConfiguration;
			buildSettings = {
				ASSETCATALOG_COMPILER_APPICON_NAME = AppIcon;
				ASSETCATALOG_COMPILER_GLOBAL_ACCENT_COLOR_NAME = AccentColor;
				CODE_SIGN_STYLE = Automatic;
				CURRENT_PROJECT_VERSION = 1;
				DEVELOPMENT_ASSET_PATHS = "\"Africa/Preview Content\"";
				DEVELOPMENT_TEAM = R55SB7N5G9;
				ENABLE_PREVIEWS = YES;
				GENERATE_INFOPLIST_FILE = YES;
				INFOPLIST_FILE = Africa/Info.plist;
				INFOPLIST_KEY_UIApplicationSceneManifest_Generation = YES;
				INFOPLIST_KEY_UIApplicationSupportsIndirectInputEvents = YES;
				INFOPLIST_KEY_UISupportedInterfaceOrientations_iPad = "UIInterfaceOrientationPortrait UIInterfaceOrientationPortraitUpsideDown UIInterfaceOrientationLandscapeLeft UIInterfaceOrientationLandscapeRight";
				INFOPLIST_KEY_UISupportedInterfaceOrientations_iPhone = "UIInterfaceOrientationPortrait UIInterfaceOrientationLandscapeLeft UIInterfaceOrientationLandscapeRight";
				INFOPLIST_KEY_UIUserInterfaceStyle = Dark;
				LD_RUNPATH_SEARCH_PATHS = (
					"$(inherited)",
					"@executable_path/Frameworks",
				);
				MARKETING_VERSION = 1.0;
				PRODUCT_BUNDLE_IDENTIFIER = dev.slashapp.Africa;
				PRODUCT_NAME = "$(TARGET_NAME)";
				SWIFT_EMIT_LOC_STRINGS = YES;
				SWIFT_VERSION = 5.0;
				TARGETED_DEVICE_FAMILY = "1,2";
			};
			name = Debug;
		};
		8B86A8DA29E1818700A8B273 /* Release */ = {
			isa = XCBuildConfiguration;
			buildSettings = {
				ASSETCATALOG_COMPILER_APPICON_NAME = AppIcon;
				ASSETCATALOG_COMPILER_GLOBAL_ACCENT_COLOR_NAME = AccentColor;
				CODE_SIGN_STYLE = Automatic;
				CURRENT_PROJECT_VERSION = 1;
				DEVELOPMENT_ASSET_PATHS = "\"Africa/Preview Content\"";
				DEVELOPMENT_TEAM = R55SB7N5G9;
				ENABLE_PREVIEWS = YES;
				GENERATE_INFOPLIST_FILE = YES;
				INFOPLIST_FILE = Africa/Info.plist;
				INFOPLIST_KEY_UIApplicationSceneManifest_Generation = YES;
				INFOPLIST_KEY_UIApplicationSupportsIndirectInputEvents = YES;
				INFOPLIST_KEY_UISupportedInterfaceOrientations_iPad = "UIInterfaceOrientationPortrait UIInterfaceOrientationPortraitUpsideDown UIInterfaceOrientationLandscapeLeft UIInterfaceOrientationLandscapeRight";
				INFOPLIST_KEY_UISupportedInterfaceOrientations_iPhone = "UIInterfaceOrientationPortrait UIInterfaceOrientationLandscapeLeft UIInterfaceOrientationLandscapeRight";
				INFOPLIST_KEY_UIUserInterfaceStyle = Dark;
				LD_RUNPATH_SEARCH_PATHS = (
					"$(inherited)",
					"@executable_path/Frameworks",
				);
				MARKETING_VERSION = 1.0;
				PRODUCT_BUNDLE_IDENTIFIER = dev.slashapp.Africa;
				PRODUCT_NAME = "$(TARGET_NAME)";
				SWIFT_EMIT_LOC_STRINGS = YES;
				SWIFT_VERSION = 5.0;
				TARGETED_DEVICE_FAMILY = "1,2";
			};
			name = Release;
		};
/* End XCBuildConfiguration section */

/* Begin XCConfigurationList section */
		8B86A8C529E1818600A8B273 /* Build configuration list for PBXProject "Africa" */ = {
			isa = XCConfigurationList;
			buildConfigurations = (
				8B86A8D629E1818700A8B273 /* Debug */,
				8B86A8D729E1818700A8B273 /* Release */,
			);
			defaultConfigurationIsVisible = 0;
			defaultConfigurationName = Release;
		};
		8B86A8D829E1818700A8B273 /* Build configuration list for PBXNativeTarget "Africa" */ = {
			isa = XCConfigurationList;
			buildConfigurations = (
				8B86A8D929E1818700A8B273 /* Debug */,
				8B86A8DA29E1818700A8B273 /* Release */,
			);
			defaultConfigurationIsVisible = 0;
			defaultConfigurationName = Release;
		};
/* End XCConfigurationList section */
	};
	rootObject = 8B86A8C229E1818600A8B273 /* Project object */;
}
